// !$*UTF8*$!
{
	archiveVersion = 1;
	classes = {
	};
	objectVersion = 56;
	objects = {

/* Begin PBXBuildFile section */
		332AAFB429A9A49100BF9CD5 /* AppDelegate.swift in Sources */ = {isa = PBXBuildFile; fileRef = 332AAFB329A9A49100BF9CD5 /* AppDelegate.swift */; };
		332AAFB629A9A49100BF9CD5 /* SceneDelegate.swift in Sources */ = {isa = PBXBuildFile; fileRef = 332AAFB529A9A49100BF9CD5 /* SceneDelegate.swift */; };
		332AAFBB29A9A49100BF9CD5 /* Main.storyboard in Resources */ = {isa = PBXBuildFile; fileRef = 332AAFB929A9A49100BF9CD5 /* Main.storyboard */; };
		332AAFBD29A9A49100BF9CD5 /* Assets.xcassets in Resources */ = {isa = PBXBuildFile; fileRef = 332AAFBC29A9A49100BF9CD5 /* Assets.xcassets */; };
		332AAFC029A9A49100BF9CD5 /* LaunchScreen.storyboard in Resources */ = {isa = PBXBuildFile; fileRef = 332AAFBE29A9A49100BF9CD5 /* LaunchScreen.storyboard */; };
		333BCC7C2A00187500A46E39 /* CustomToast.swift in Sources */ = {isa = PBXBuildFile; fileRef = 333BCC7B2A00187500A46E39 /* CustomToast.swift */; };
		339D44E629AAC4B300C75412 /* SDWebImage in Frameworks */ = {isa = PBXBuildFile; productRef = 339D44E529AAC4B300C75412 /* SDWebImage */; };
		339D44EB29AAF12300C75412 /* BaseViewController.swift in Sources */ = {isa = PBXBuildFile; fileRef = 339D44EA29AAF12300C75412 /* BaseViewController.swift */; };
		33E2574B2B97BA1F009E231C /* PokemonListPresenter.swift in Sources */ = {isa = PBXBuildFile; fileRef = 33E257452B97BA1F009E231C /* PokemonListPresenter.swift */; };
		33E2574D2B97BA1F009E231C /* PokemonListRouter.swift in Sources */ = {isa = PBXBuildFile; fileRef = 33E257472B97BA1F009E231C /* PokemonListRouter.swift */; };
		33E2574E2B97BA1F009E231C /* PokemonListModels.swift in Sources */ = {isa = PBXBuildFile; fileRef = 33E257482B97BA1F009E231C /* PokemonListModels.swift */; };
		33E2574F2B97BA1F009E231C /* PokemonListViewController.swift in Sources */ = {isa = PBXBuildFile; fileRef = 33E257492B97BA1F009E231C /* PokemonListViewController.swift */; };
		33E257502B97BA1F009E231C /* PokemonListInteractor.swift in Sources */ = {isa = PBXBuildFile; fileRef = 33E2574A2B97BA1F009E231C /* PokemonListInteractor.swift */; };
		33E257552B97C341009E231C /* PokemonAPI in Frameworks */ = {isa = PBXBuildFile; productRef = 33E257542B97C341009E231C /* PokemonAPI */; };
		33E2575D2B981E54009E231C /* PokemonDetailPresenter.swift in Sources */ = {isa = PBXBuildFile; fileRef = 33E257572B981E54009E231C /* PokemonDetailPresenter.swift */; };
		33E2575E2B981E54009E231C /* PokemonDetailWorker.swift in Sources */ = {isa = PBXBuildFile; fileRef = 33E257582B981E54009E231C /* PokemonDetailWorker.swift */; };
		33E2575F2B981E54009E231C /* PokemonDetailRouter.swift in Sources */ = {isa = PBXBuildFile; fileRef = 33E257592B981E54009E231C /* PokemonDetailRouter.swift */; };
		33E257602B981E54009E231C /* PokemonDetailModels.swift in Sources */ = {isa = PBXBuildFile; fileRef = 33E2575A2B981E54009E231C /* PokemonDetailModels.swift */; };
		33E257612B981E54009E231C /* PokemonDetailViewController.swift in Sources */ = {isa = PBXBuildFile; fileRef = 33E2575B2B981E54009E231C /* PokemonDetailViewController.swift */; };
		33E257622B981E54009E231C /* PokemonDetailInteractor.swift in Sources */ = {isa = PBXBuildFile; fileRef = 33E2575C2B981E54009E231C /* PokemonDetailInteractor.swift */; };
		33E257652B983851009E231C /* CommosExtension.swift in Sources */ = {isa = PBXBuildFile; fileRef = 33E257642B983851009E231C /* CommosExtension.swift */; };
		33F3EA6029AC316000797497 /* SDWebImage in Frameworks */ = {isa = PBXBuildFile; productRef = 33F3EA5F29AC316000797497 /* SDWebImage */; };
/* End PBXBuildFile section */

/* Begin PBXContainerItemProxy section */
		332AAFC729A9A49100BF9CD5 /* PBXContainerItemProxy */ = {
			isa = PBXContainerItemProxy;
			containerPortal = 332AAFA829A9A49100BF9CD5 /* Project object */;
			proxyType = 1;
			remoteGlobalIDString = 332AAFAF29A9A49100BF9CD5;
			remoteInfo = rickandmorty;
		};
/* End PBXContainerItemProxy section */

/* Begin PBXFileReference section */
		332AAFB029A9A49100BF9CD5 /* Pokemons.app */ = {isa = PBXFileReference; explicitFileType = wrapper.application; includeInIndex = 0; path = Pokemons.app; sourceTree = BUILT_PRODUCTS_DIR; };
		332AAFB329A9A49100BF9CD5 /* AppDelegate.swift */ = {isa = PBXFileReference; lastKnownFileType = sourcecode.swift; path = AppDelegate.swift; sourceTree = "<group>"; };
		332AAFB529A9A49100BF9CD5 /* SceneDelegate.swift */ = {isa = PBXFileReference; lastKnownFileType = sourcecode.swift; path = SceneDelegate.swift; sourceTree = "<group>"; };
		332AAFBA29A9A49100BF9CD5 /* Base */ = {isa = PBXFileReference; lastKnownFileType = file.storyboard; name = Base; path = Base.lproj/Main.storyboard; sourceTree = "<group>"; };
		332AAFBC29A9A49100BF9CD5 /* Assets.xcassets */ = {isa = PBXFileReference; lastKnownFileType = folder.assetcatalog; path = Assets.xcassets; sourceTree = "<group>"; };
		332AAFBF29A9A49100BF9CD5 /* Base */ = {isa = PBXFileReference; lastKnownFileType = file.storyboard; name = Base; path = Base.lproj/LaunchScreen.storyboard; sourceTree = "<group>"; };
		332AAFC129A9A49100BF9CD5 /* Info.plist */ = {isa = PBXFileReference; lastKnownFileType = text.plist.xml; path = Info.plist; sourceTree = "<group>"; };
		332AAFC629A9A49100BF9CD5 /* PokemonsTests.xctest */ = {isa = PBXFileReference; explicitFileType = wrapper.cfbundle; includeInIndex = 0; path = PokemonsTests.xctest; sourceTree = BUILT_PRODUCTS_DIR; };
		333BCC7B2A00187500A46E39 /* CustomToast.swift */ = {isa = PBXFileReference; lastKnownFileType = sourcecode.swift; path = CustomToast.swift; sourceTree = "<group>"; };
		339D44EA29AAF12300C75412 /* BaseViewController.swift */ = {isa = PBXFileReference; lastKnownFileType = sourcecode.swift; path = BaseViewController.swift; sourceTree = "<group>"; };
		33E257452B97BA1F009E231C /* PokemonListPresenter.swift */ = {isa = PBXFileReference; lastKnownFileType = sourcecode.swift; path = PokemonListPresenter.swift; sourceTree = "<group>"; };
		33E257472B97BA1F009E231C /* PokemonListRouter.swift */ = {isa = PBXFileReference; lastKnownFileType = sourcecode.swift; path = PokemonListRouter.swift; sourceTree = "<group>"; };
		33E257482B97BA1F009E231C /* PokemonListModels.swift */ = {isa = PBXFileReference; lastKnownFileType = sourcecode.swift; path = PokemonListModels.swift; sourceTree = "<group>"; };
		33E257492B97BA1F009E231C /* PokemonListViewController.swift */ = {isa = PBXFileReference; lastKnownFileType = sourcecode.swift; path = PokemonListViewController.swift; sourceTree = "<group>"; };
		33E2574A2B97BA1F009E231C /* PokemonListInteractor.swift */ = {isa = PBXFileReference; lastKnownFileType = sourcecode.swift; path = PokemonListInteractor.swift; sourceTree = "<group>"; };
		33E257572B981E54009E231C /* PokemonDetailPresenter.swift */ = {isa = PBXFileReference; lastKnownFileType = sourcecode.swift; path = PokemonDetailPresenter.swift; sourceTree = "<group>"; };
		33E257582B981E54009E231C /* PokemonDetailWorker.swift */ = {isa = PBXFileReference; lastKnownFileType = sourcecode.swift; path = PokemonDetailWorker.swift; sourceTree = "<group>"; };
		33E257592B981E54009E231C /* PokemonDetailRouter.swift */ = {isa = PBXFileReference; lastKnownFileType = sourcecode.swift; path = PokemonDetailRouter.swift; sourceTree = "<group>"; };
		33E2575A2B981E54009E231C /* PokemonDetailModels.swift */ = {isa = PBXFileReference; lastKnownFileType = sourcecode.swift; path = PokemonDetailModels.swift; sourceTree = "<group>"; };
		33E2575B2B981E54009E231C /* PokemonDetailViewController.swift */ = {isa = PBXFileReference; lastKnownFileType = sourcecode.swift; path = PokemonDetailViewController.swift; sourceTree = "<group>"; };
		33E2575C2B981E54009E231C /* PokemonDetailInteractor.swift */ = {isa = PBXFileReference; lastKnownFileType = sourcecode.swift; path = PokemonDetailInteractor.swift; sourceTree = "<group>"; };
		33E257642B983851009E231C /* CommosExtension.swift */ = {isa = PBXFileReference; fileEncoding = 4; lastKnownFileType = sourcecode.swift; path = CommosExtension.swift; sourceTree = "<group>"; };
/* End PBXFileReference section */

/* Begin PBXFrameworksBuildPhase section */
		332AAFAD29A9A49100BF9CD5 /* Frameworks */ = {
			isa = PBXFrameworksBuildPhase;
			buildActionMask = 2147483647;
			files = (
				33E257552B97C341009E231C /* PokemonAPI in Frameworks */,
				339D44E629AAC4B300C75412 /* SDWebImage in Frameworks */,
			);
			runOnlyForDeploymentPostprocessing = 0;
		};
		332AAFC329A9A49100BF9CD5 /* Frameworks */ = {
			isa = PBXFrameworksBuildPhase;
			buildActionMask = 2147483647;
			files = (
				33F3EA6029AC316000797497 /* SDWebImage in Frameworks */,
			);
			runOnlyForDeploymentPostprocessing = 0;
		};
/* End PBXFrameworksBuildPhase section */

/* Begin PBXGroup section */
		332AAFA729A9A49100BF9CD5 = {
			isa = PBXGroup;
			children = (
				332AAFB229A9A49100BF9CD5 /* Recipes */,
				332AAFC929A9A49100BF9CD5 /* PokemonsTests */,
				332AAFB129A9A49100BF9CD5 /* Products */,
				33F3EA5E29AC316000797497 /* Frameworks */,
			);
			sourceTree = "<group>";
		};
		332AAFB129A9A49100BF9CD5 /* Products */ = {
			isa = PBXGroup;
			children = (
				332AAFB029A9A49100BF9CD5 /* Pokemons.app */,
				332AAFC629A9A49100BF9CD5 /* PokemonsTests.xctest */,
			);
			name = Products;
			sourceTree = "<group>";
		};
		332AAFB229A9A49100BF9CD5 /* Recipes */ = {
			isa = PBXGroup;
			children = (
				33E257632B98381E009E231C /* extension */,
				339D44EC29AAF13C00C75412 /* Util */,
				339D44E729AAD43000C75412 /* Scenes */,
				332AAFB329A9A49100BF9CD5 /* AppDelegate.swift */,
				332AAFB529A9A49100BF9CD5 /* SceneDelegate.swift */,
				332AAFB929A9A49100BF9CD5 /* Main.storyboard */,
				332AAFBC29A9A49100BF9CD5 /* Assets.xcassets */,
				332AAFBE29A9A49100BF9CD5 /* LaunchScreen.storyboard */,
				332AAFC129A9A49100BF9CD5 /* Info.plist */,
			);
			path = Recipes;
			sourceTree = "<group>";
		};
		332AAFC929A9A49100BF9CD5 /* PokemonsTests */ = {
			isa = PBXGroup;
			children = (
			);
			path = PokemonsTests;
			sourceTree = "<group>";
		};
		339D44E729AAD43000C75412 /* Scenes */ = {
			isa = PBXGroup;
			children = (
				33E257562B981D5A009E231C /* PokemonDetail */,
				33E257512B97BA26009E231C /* PokemonList */,
			);
			path = Scenes;
			sourceTree = "<group>";
		};
		339D44EC29AAF13C00C75412 /* Util */ = {
			isa = PBXGroup;
			children = (
				339D44EA29AAF12300C75412 /* BaseViewController.swift */,
				333BCC7B2A00187500A46E39 /* CustomToast.swift */,
			);
			path = Util;
			sourceTree = "<group>";
		};
		33E257512B97BA26009E231C /* PokemonList */ = {
			isa = PBXGroup;
			children = (
				33E257452B97BA1F009E231C /* PokemonListPresenter.swift */,
				33E257472B97BA1F009E231C /* PokemonListRouter.swift */,
				33E257482B97BA1F009E231C /* PokemonListModels.swift */,
				33E257492B97BA1F009E231C /* PokemonListViewController.swift */,
				33E2574A2B97BA1F009E231C /* PokemonListInteractor.swift */,
			);
			path = PokemonList;
			sourceTree = "<group>";
		};
		33E257562B981D5A009E231C /* PokemonDetail */ = {
			isa = PBXGroup;
			children = (
				33E257572B981E54009E231C /* PokemonDetailPresenter.swift */,
				33E257582B981E54009E231C /* PokemonDetailWorker.swift */,
				33E257592B981E54009E231C /* PokemonDetailRouter.swift */,
				33E2575A2B981E54009E231C /* PokemonDetailModels.swift */,
				33E2575B2B981E54009E231C /* PokemonDetailViewController.swift */,
				33E2575C2B981E54009E231C /* PokemonDetailInteractor.swift */,
			);
			path = PokemonDetail;
			sourceTree = "<group>";
		};
		33E257632B98381E009E231C /* extension */ = {
			isa = PBXGroup;
			children = (
				33E257642B983851009E231C /* CommosExtension.swift */,
			);
			path = extension;
			sourceTree = "<group>";
		};
		33F3EA5E29AC316000797497 /* Frameworks */ = {
			isa = PBXGroup;
			children = (
			);
			name = Frameworks;
			sourceTree = "<group>";
		};
/* End PBXGroup section */

/* Begin PBXNativeTarget section */
		332AAFAF29A9A49100BF9CD5 /* Pokemons */ = {
			isa = PBXNativeTarget;
			buildConfigurationList = 332AAFDA29A9A49200BF9CD5 /* Build configuration list for PBXNativeTarget "Pokemons" */;
			buildPhases = (
				332AAFAC29A9A49100BF9CD5 /* Sources */,
				332AAFAD29A9A49100BF9CD5 /* Frameworks */,
				332AAFAE29A9A49100BF9CD5 /* Resources */,
			);
			buildRules = (
			);
			dependencies = (
			);
			name = Pokemons;
			packageProductDependencies = (
				339D44E529AAC4B300C75412 /* SDWebImage */,
				33E257542B97C341009E231C /* PokemonAPI */,
			);
			productName = rickandmorty;
			productReference = 332AAFB029A9A49100BF9CD5 /* Pokemons.app */;
			productType = "com.apple.product-type.application";
		};
		332AAFC529A9A49100BF9CD5 /* PokemonsTests */ = {
			isa = PBXNativeTarget;
			buildConfigurationList = 332AAFDD29A9A49200BF9CD5 /* Build configuration list for PBXNativeTarget "PokemonsTests" */;
			buildPhases = (
				332AAFC229A9A49100BF9CD5 /* Sources */,
				332AAFC329A9A49100BF9CD5 /* Frameworks */,
				332AAFC429A9A49100BF9CD5 /* Resources */,
			);
			buildRules = (
			);
			dependencies = (
				332AAFC829A9A49100BF9CD5 /* PBXTargetDependency */,
			);
			name = PokemonsTests;
			packageProductDependencies = (
				33F3EA5F29AC316000797497 /* SDWebImage */,
			);
			productName = rickandmortyTests;
			productReference = 332AAFC629A9A49100BF9CD5 /* PokemonsTests.xctest */;
			productType = "com.apple.product-type.bundle.unit-test";
		};
/* End PBXNativeTarget section */

/* Begin PBXProject section */
		332AAFA829A9A49100BF9CD5 /* Project object */ = {
			isa = PBXProject;
			attributes = {
				BuildIndependentTargetsInParallel = 1;
				LastSwiftUpdateCheck = 1420;
				LastUpgradeCheck = 1420;
				TargetAttributes = {
					332AAFAF29A9A49100BF9CD5 = {
						CreatedOnToolsVersion = 14.2;
					};
					332AAFC529A9A49100BF9CD5 = {
						CreatedOnToolsVersion = 14.2;
						TestTargetID = 332AAFAF29A9A49100BF9CD5;
					};
				};
			};
			buildConfigurationList = 332AAFAB29A9A49100BF9CD5 /* Build configuration list for PBXProject "Pokemons" */;
			compatibilityVersion = "Xcode 14.0";
			developmentRegion = en;
			hasScannedForEncodings = 0;
			knownRegions = (
				en,
				Base,
			);
			mainGroup = 332AAFA729A9A49100BF9CD5;
			packageReferences = (
				339D44E429AAC4B300C75412 /* XCRemoteSwiftPackageReference "SDWebImage" */,
				33E257532B97C29F009E231C /* XCRemoteSwiftPackageReference "PokemonAPI" */,
			);
			productRefGroup = 332AAFB129A9A49100BF9CD5 /* Products */;
			projectDirPath = "";
			projectRoot = "";
			targets = (
				332AAFAF29A9A49100BF9CD5 /* Pokemons */,
				332AAFC529A9A49100BF9CD5 /* PokemonsTests */,
			);
		};
/* End PBXProject section */

/* Begin PBXResourcesBuildPhase section */
		332AAFAE29A9A49100BF9CD5 /* Resources */ = {
			isa = PBXResourcesBuildPhase;
			buildActionMask = 2147483647;
			files = (
				332AAFC029A9A49100BF9CD5 /* LaunchScreen.storyboard in Resources */,
				332AAFBD29A9A49100BF9CD5 /* Assets.xcassets in Resources */,
				332AAFBB29A9A49100BF9CD5 /* Main.storyboard in Resources */,
			);
			runOnlyForDeploymentPostprocessing = 0;
		};
		332AAFC429A9A49100BF9CD5 /* Resources */ = {
			isa = PBXResourcesBuildPhase;
			buildActionMask = 2147483647;
			files = (
			);
			runOnlyForDeploymentPostprocessing = 0;
		};
/* End PBXResourcesBuildPhase section */

/* Begin PBXSourcesBuildPhase section */
		332AAFAC29A9A49100BF9CD5 /* Sources */ = {
			isa = PBXSourcesBuildPhase;
			buildActionMask = 2147483647;
			files = (
				332AAFB429A9A49100BF9CD5 /* AppDelegate.swift in Sources */,
				33E2575F2B981E54009E231C /* PokemonDetailRouter.swift in Sources */,
				33E257622B981E54009E231C /* PokemonDetailInteractor.swift in Sources */,
				333BCC7C2A00187500A46E39 /* CustomToast.swift in Sources */,
				33E2575D2B981E54009E231C /* PokemonDetailPresenter.swift in Sources */,
				339D44EB29AAF12300C75412 /* BaseViewController.swift in Sources */,
				33E2574B2B97BA1F009E231C /* PokemonListPresenter.swift in Sources */,
				332AAFB629A9A49100BF9CD5 /* SceneDelegate.swift in Sources */,
				33E2574F2B97BA1F009E231C /* PokemonListViewController.swift in Sources */,
				33E2575E2B981E54009E231C /* PokemonDetailWorker.swift in Sources */,
				33E257612B981E54009E231C /* PokemonDetailViewController.swift in Sources */,
				33E257602B981E54009E231C /* PokemonDetailModels.swift in Sources */,
				33E257502B97BA1F009E231C /* PokemonListInteractor.swift in Sources */,
				33E2574D2B97BA1F009E231C /* PokemonListRouter.swift in Sources */,
				33E257652B983851009E231C /* CommosExtension.swift in Sources */,
				33E2574E2B97BA1F009E231C /* PokemonListModels.swift in Sources */,
			);
			runOnlyForDeploymentPostprocessing = 0;
		};
		332AAFC229A9A49100BF9CD5 /* Sources */ = {
			isa = PBXSourcesBuildPhase;
			buildActionMask = 2147483647;
			files = (
			);
			runOnlyForDeploymentPostprocessing = 0;
		};
/* End PBXSourcesBuildPhase section */

/* Begin PBXTargetDependency section */
		332AAFC829A9A49100BF9CD5 /* PBXTargetDependency */ = {
			isa = PBXTargetDependency;
			target = 332AAFAF29A9A49100BF9CD5 /* Pokemons */;
			targetProxy = 332AAFC729A9A49100BF9CD5 /* PBXContainerItemProxy */;
		};
/* End PBXTargetDependency section */

/* Begin PBXVariantGroup section */
		332AAFB929A9A49100BF9CD5 /* Main.storyboard */ = {
			isa = PBXVariantGroup;
			children = (
				332AAFBA29A9A49100BF9CD5 /* Base */,
			);
			name = Main.storyboard;
			sourceTree = "<group>";
		};
		332AAFBE29A9A49100BF9CD5 /* LaunchScreen.storyboard */ = {
			isa = PBXVariantGroup;
			children = (
				332AAFBF29A9A49100BF9CD5 /* Base */,
			);
			name = LaunchScreen.storyboard;
			sourceTree = "<group>";
		};
/* End PBXVariantGroup section */

/* Begin XCBuildConfiguration section */
		332AAFD829A9A49200BF9CD5 /* Debug */ = {
			isa = XCBuildConfiguration;
			buildSettings = {
				ALWAYS_SEARCH_USER_PATHS = NO;
				CLANG_ANALYZER_NONNULL = YES;
				CLANG_ANALYZER_NUMBER_OBJECT_CONVERSION = YES_AGGRESSIVE;
				CLANG_CXX_LANGUAGE_STANDARD = "gnu++20";
				CLANG_ENABLE_MODULES = YES;
				CLANG_ENABLE_OBJC_ARC = YES;
				CLANG_ENABLE_OBJC_WEAK = YES;
				CLANG_WARN_BLOCK_CAPTURE_AUTORELEASING = YES;
				CLANG_WARN_BOOL_CONVERSION = YES;
				CLANG_WARN_COMMA = YES;
				CLANG_WARN_CONSTANT_CONVERSION = YES;
				CLANG_WARN_DEPRECATED_OBJC_IMPLEMENTATIONS = YES;
				CLANG_WARN_DIRECT_OBJC_ISA_USAGE = YES_ERROR;
				CLANG_WARN_DOCUMENTATION_COMMENTS = YES;
				CLANG_WARN_EMPTY_BODY = YES;
				CLANG_WARN_ENUM_CONVERSION = YES;
				CLANG_WARN_INFINITE_RECURSION = YES;
				CLANG_WARN_INT_CONVERSION = YES;
				CLANG_WARN_NON_LITERAL_NULL_CONVERSION = YES;
				CLANG_WARN_OBJC_IMPLICIT_RETAIN_SELF = YES;
				CLANG_WARN_OBJC_LITERAL_CONVERSION = YES;
				CLANG_WARN_OBJC_ROOT_CLASS = YES_ERROR;
				CLANG_WARN_QUOTED_INCLUDE_IN_FRAMEWORK_HEADER = YES;
				CLANG_WARN_RANGE_LOOP_ANALYSIS = YES;
				CLANG_WARN_STRICT_PROTOTYPES = YES;
				CLANG_WARN_SUSPICIOUS_MOVE = YES;
				CLANG_WARN_UNGUARDED_AVAILABILITY = YES_AGGRESSIVE;
				CLANG_WARN_UNREACHABLE_CODE = YES;
				CLANG_WARN__DUPLICATE_METHOD_MATCH = YES;
				COPY_PHASE_STRIP = NO;
				DEBUG_INFORMATION_FORMAT = dwarf;
				ENABLE_STRICT_OBJC_MSGSEND = YES;
				ENABLE_TESTABILITY = YES;
				GCC_C_LANGUAGE_STANDARD = gnu11;
				GCC_DYNAMIC_NO_PIC = NO;
				GCC_NO_COMMON_BLOCKS = YES;
				GCC_OPTIMIZATION_LEVEL = 0;
				GCC_PREPROCESSOR_DEFINITIONS = (
					"DEBUG=1",
					"$(inherited)",
				);
				GCC_WARN_64_TO_32_BIT_CONVERSION = YES;
				GCC_WARN_ABOUT_RETURN_TYPE = YES_ERROR;
				GCC_WARN_UNDECLARED_SELECTOR = YES;
				GCC_WARN_UNINITIALIZED_AUTOS = YES_AGGRESSIVE;
				GCC_WARN_UNUSED_FUNCTION = YES;
				GCC_WARN_UNUSED_VARIABLE = YES;
				IPHONEOS_DEPLOYMENT_TARGET = 14.0;
				MTL_ENABLE_DEBUG_INFO = INCLUDE_SOURCE;
				MTL_FAST_MATH = YES;
				ONLY_ACTIVE_ARCH = YES;
				SDKROOT = iphoneos;
				SWIFT_ACTIVE_COMPILATION_CONDITIONS = DEBUG;
				SWIFT_OPTIMIZATION_LEVEL = "-Onone";
			};
			name = Debug;
		};
		332AAFD929A9A49200BF9CD5 /* Release */ = {
			isa = XCBuildConfiguration;
			buildSettings = {
				ALWAYS_SEARCH_USER_PATHS = NO;
				CLANG_ANALYZER_NONNULL = YES;
				CLANG_ANALYZER_NUMBER_OBJECT_CONVERSION = YES_AGGRESSIVE;
				CLANG_CXX_LANGUAGE_STANDARD = "gnu++20";
				CLANG_ENABLE_MODULES = YES;
				CLANG_ENABLE_OBJC_ARC = YES;
				CLANG_ENABLE_OBJC_WEAK = YES;
				CLANG_WARN_BLOCK_CAPTURE_AUTORELEASING = YES;
				CLANG_WARN_BOOL_CONVERSION = YES;
				CLANG_WARN_COMMA = YES;
				CLANG_WARN_CONSTANT_CONVERSION = YES;
				CLANG_WARN_DEPRECATED_OBJC_IMPLEMENTATIONS = YES;
				CLANG_WARN_DIRECT_OBJC_ISA_USAGE = YES_ERROR;
				CLANG_WARN_DOCUMENTATION_COMMENTS = YES;
				CLANG_WARN_EMPTY_BODY = YES;
				CLANG_WARN_ENUM_CONVERSION = YES;
				CLANG_WARN_INFINITE_RECURSION = YES;
				CLANG_WARN_INT_CONVERSION = YES;
				CLANG_WARN_NON_LITERAL_NULL_CONVERSION = YES;
				CLANG_WARN_OBJC_IMPLICIT_RETAIN_SELF = YES;
				CLANG_WARN_OBJC_LITERAL_CONVERSION = YES;
				CLANG_WARN_OBJC_ROOT_CLASS = YES_ERROR;
				CLANG_WARN_QUOTED_INCLUDE_IN_FRAMEWORK_HEADER = YES;
				CLANG_WARN_RANGE_LOOP_ANALYSIS = YES;
				CLANG_WARN_STRICT_PROTOTYPES = YES;
				CLANG_WARN_SUSPICIOUS_MOVE = YES;
				CLANG_WARN_UNGUARDED_AVAILABILITY = YES_AGGRESSIVE;
				CLANG_WARN_UNREACHABLE_CODE = YES;
				CLANG_WARN__DUPLICATE_METHOD_MATCH = YES;
				COPY_PHASE_STRIP = NO;
				DEBUG_INFORMATION_FORMAT = "dwarf-with-dsym";
				ENABLE_NS_ASSERTIONS = NO;
				ENABLE_STRICT_OBJC_MSGSEND = YES;
				GCC_C_LANGUAGE_STANDARD = gnu11;
				GCC_NO_COMMON_BLOCKS = YES;
				GCC_WARN_64_TO_32_BIT_CONVERSION = YES;
				GCC_WARN_ABOUT_RETURN_TYPE = YES_ERROR;
				GCC_WARN_UNDECLARED_SELECTOR = YES;
				GCC_WARN_UNINITIALIZED_AUTOS = YES_AGGRESSIVE;
				GCC_WARN_UNUSED_FUNCTION = YES;
				GCC_WARN_UNUSED_VARIABLE = YES;
				IPHONEOS_DEPLOYMENT_TARGET = 14.0;
				MTL_ENABLE_DEBUG_INFO = NO;
				MTL_FAST_MATH = YES;
				SDKROOT = iphoneos;
				SWIFT_COMPILATION_MODE = wholemodule;
				SWIFT_OPTIMIZATION_LEVEL = "-O";
				VALIDATE_PRODUCT = YES;
			};
			name = Release;
		};
		332AAFDB29A9A49200BF9CD5 /* Debug */ = {
			isa = XCBuildConfiguration;
			buildSettings = {
				ASSETCATALOG_COMPILER_APPICON_NAME = AppIcon;
				ASSETCATALOG_COMPILER_GLOBAL_ACCENT_COLOR_NAME = AccentColor;
				CODE_SIGN_STYLE = Automatic;
				CURRENT_PROJECT_VERSION = 1;
				GCC_GENERATE_TEST_COVERAGE_FILES = NO;
				GENERATE_INFOPLIST_FILE = YES;
				INFOPLIST_FILE = recipes/Info.plist;
				INFOPLIST_KEY_UIApplicationSupportsIndirectInputEvents = YES;
				INFOPLIST_KEY_UILaunchStoryboardName = LaunchScreen;
				INFOPLIST_KEY_UIMainStoryboardFile = Main;
				INFOPLIST_KEY_UISupportedInterfaceOrientations = UIInterfaceOrientationPortrait;
				LD_RUNPATH_SEARCH_PATHS = (
					"$(inherited)",
					"@executable_path/Frameworks",
				);
				MACH_O_TYPE = mh_execute;
				MARKETING_VERSION = 1.0;
				PRODUCT_BUNDLE_IDENTIFIER = com.none.recipes;
				PRODUCT_NAME = "$(TARGET_NAME)";
				SWIFT_EMIT_LOC_STRINGS = YES;
				SWIFT_VERSION = 5.0;
				TARGETED_DEVICE_FAMILY = "1,2";
			};
			name = Debug;
		};
		332AAFDC29A9A49200BF9CD5 /* Release */ = {
			isa = XCBuildConfiguration;
			buildSettings = {
				ASSETCATALOG_COMPILER_APPICON_NAME = AppIcon;
				ASSETCATALOG_COMPILER_GLOBAL_ACCENT_COLOR_NAME = AccentColor;
				CODE_SIGN_STYLE = Automatic;
				CURRENT_PROJECT_VERSION = 1;
				GCC_GENERATE_TEST_COVERAGE_FILES = NO;
				GENERATE_INFOPLIST_FILE = YES;
				INFOPLIST_FILE = recipes/Info.plist;
				INFOPLIST_KEY_UIApplicationSupportsIndirectInputEvents = YES;
				INFOPLIST_KEY_UILaunchStoryboardName = LaunchScreen;
				INFOPLIST_KEY_UIMainStoryboardFile = Main;
				INFOPLIST_KEY_UISupportedInterfaceOrientations = UIInterfaceOrientationPortrait;
				LD_RUNPATH_SEARCH_PATHS = (
					"$(inherited)",
					"@executable_path/Frameworks",
				);
				MACH_O_TYPE = mh_execute;
				MARKETING_VERSION = 1.0;
				PRODUCT_BUNDLE_IDENTIFIER = com.none.recipes;
				PRODUCT_NAME = "$(TARGET_NAME)";
				SWIFT_EMIT_LOC_STRINGS = YES;
				SWIFT_VERSION = 5.0;
				TARGETED_DEVICE_FAMILY = "1,2";
			};
			name = Release;
		};
		332AAFDE29A9A49200BF9CD5 /* Debug */ = {
			isa = XCBuildConfiguration;
			buildSettings = {
				ALWAYS_EMBED_SWIFT_STANDARD_LIBRARIES = YES;
				BUNDLE_LOADER = "$(TEST_HOST)";
				CODE_SIGN_STYLE = Automatic;
				CURRENT_PROJECT_VERSION = 1;
				GENERATE_INFOPLIST_FILE = YES;
				IPHONEOS_DEPLOYMENT_TARGET = 16.2;
				MARKETING_VERSION = 1.0;
				PRODUCT_BUNDLE_IDENTIFIER = com.none.recipesTests;
				PRODUCT_NAME = "$(TARGET_NAME)";
				SWIFT_EMIT_LOC_STRINGS = NO;
				SWIFT_VERSION = 5.0;
				TARGETED_DEVICE_FAMILY = "1,2";
				TEST_HOST = "$(BUILT_PRODUCTS_DIR)/Pokemons.app/$(BUNDLE_EXECUTABLE_FOLDER_PATH)/Pokemons";
			};
			name = Debug;
		};
		332AAFDF29A9A49200BF9CD5 /* Release */ = {
			isa = XCBuildConfiguration;
			buildSettings = {
				ALWAYS_EMBED_SWIFT_STANDARD_LIBRARIES = YES;
				BUNDLE_LOADER = "$(TEST_HOST)";
				CODE_SIGN_STYLE = Automatic;
				CURRENT_PROJECT_VERSION = 1;
				GENERATE_INFOPLIST_FILE = YES;
				IPHONEOS_DEPLOYMENT_TARGET = 16.2;
				MARKETING_VERSION = 1.0;
				PRODUCT_BUNDLE_IDENTIFIER = com.none.recipesTests;
				PRODUCT_NAME = "$(TARGET_NAME)";
				SWIFT_EMIT_LOC_STRINGS = NO;
				SWIFT_VERSION = 5.0;
				TARGETED_DEVICE_FAMILY = "1,2";
				TEST_HOST = "$(BUILT_PRODUCTS_DIR)/Pokemons.app/$(BUNDLE_EXECUTABLE_FOLDER_PATH)/Pokemons";
			};
			name = Release;
		};
/* End XCBuildConfiguration section */

/* Begin XCConfigurationList section */
		332AAFAB29A9A49100BF9CD5 /* Build configuration list for PBXProject "Pokemons" */ = {
			isa = XCConfigurationList;
			buildConfigurations = (
				332AAFD829A9A49200BF9CD5 /* Debug */,
				332AAFD929A9A49200BF9CD5 /* Release */,
			);
			defaultConfigurationIsVisible = 0;
			defaultConfigurationName = Release;
		};
		332AAFDA29A9A49200BF9CD5 /* Build configuration list for PBXNativeTarget "Pokemons" */ = {
			isa = XCConfigurationList;
			buildConfigurations = (
				332AAFDB29A9A49200BF9CD5 /* Debug */,
				332AAFDC29A9A49200BF9CD5 /* Release */,
			);
			defaultConfigurationIsVisible = 0;
			defaultConfigurationName = Release;
		};
		332AAFDD29A9A49200BF9CD5 /* Build configuration list for PBXNativeTarget "PokemonsTests" */ = {
			isa = XCConfigurationList;
			buildConfigurations = (
				332AAFDE29A9A49200BF9CD5 /* Debug */,
				332AAFDF29A9A49200BF9CD5 /* Release */,
			);
			defaultConfigurationIsVisible = 0;
			defaultConfigurationName = Release;
		};
/* End XCConfigurationList section */

/* Begin XCRemoteSwiftPackageReference section */
		339D44E429AAC4B300C75412 /* XCRemoteSwiftPackageReference "SDWebImage" */ = {
			isa = XCRemoteSwiftPackageReference;
			repositoryURL = "https://github.com/SDWebImage/SDWebImage.git";
			requirement = {
				kind = upToNextMajorVersion;
				minimumVersion = 5.0.0;
			};
		};
		33E257532B97C29F009E231C /* XCRemoteSwiftPackageReference "PokemonAPI" */ = {
			isa = XCRemoteSwiftPackageReference;
			repositoryURL = "https://github.com/kinkofer/PokemonAPI";
			requirement = {
				kind = upToNextMajorVersion;
				minimumVersion = 6.0.0;
			};
		};
/* End XCRemoteSwiftPackageReference section */

/* Begin XCSwiftPackageProductDependency section */
		339D44E529AAC4B300C75412 /* SDWebImage */ = {
			isa = XCSwiftPackageProductDependency;
			package = 339D44E429AAC4B300C75412 /* XCRemoteSwiftPackageReference "SDWebImage" */;
			productName = SDWebImage;
		};
		33E257542B97C341009E231C /* PokemonAPI */ = {
			isa = XCSwiftPackageProductDependency;
			package = 33E257532B97C29F009E231C /* XCRemoteSwiftPackageReference "PokemonAPI" */;
			productName = PokemonAPI;
		};
		33F3EA5F29AC316000797497 /* SDWebImage */ = {
			isa = XCSwiftPackageProductDependency;
			package = 339D44E429AAC4B300C75412 /* XCRemoteSwiftPackageReference "SDWebImage" */;
			productName = SDWebImage;
		};
/* End XCSwiftPackageProductDependency section */
	};
	rootObject = 332AAFA829A9A49100BF9CD5 /* Project object */;
}
